
Microsoft Visual Studio Solution File, Format Version 12.00
# Visual Studio Version 17
VisualStudioVersion = 17.2.32630.192
MinimumVisualStudioVersion = 10.0.40219.1
Project("{FAE04EC0-301F-11D3-BF4B-00C04F79EFBC}") = "Samples", "Samples\Samples.csproj", "{7A8C4C81-B2DE-4ED0-8318-453081C5BAEC}"
EndProject
Project("{9A19103F-16F7-4668-BE54-9A1E7A4F7556}") = "Avalonia.EventSetter", "Avalonia.EventSetter\Avalonia.EventSetter.csproj", "{79072C37-A6A0-4737-8AAD-B5D2F36A34BB}"
EndProject
Global
	GlobalSection(SolutionConfigurationPlatforms) = preSolution
		Debug|Any CPU = Debug|Any CPU
		Release|Any CPU = Release|Any CPU
	EndGlobalSection
	GlobalSection(ProjectConfigurationPlatforms) = postSolution
		{79072C37-A6A0-4737-8AAD-B5D2F36A34BB}.Debug|Any CPU.ActiveCfg = Debug|Any CPU
		{79072C37-A6A0-4737-8AAD-B5D2F36A34BB}.Debug|Any CPU.Build.0 = Debug|Any CPU
		{79072C37-A6A0-4737-8AAD-B5D2F36A34BB}.Release|Any CPU.ActiveCfg = Release|Any CPU
		{79072C37-A6A0-4737-8AAD-B5D2F36A34BB}.Release|Any CPU.Build.0 = Release|Any CPU
		{7A8C4C81-B2DE-4ED0-8318-453081C5BAEC}.Debug|Any CPU.ActiveCfg = Debug|Any CPU
		{7A8C4C81-B2DE-4ED0-8318-453081C5BAEC}.Debug|Any CPU.Build.0 = Debug|Any CPU
		{7A8C4C81-B2DE-4ED0-8318-453081C5BAEC}.Release|Any CPU.ActiveCfg = Release|Any CPU
		{7A8C4C81-B2DE-4ED0-8318-453081C5BAEC}.Release|Any CPU.Build.0 = Release|Any CPU
	EndGlobalSection
	GlobalSection(SolutionProperties) = preSolution
		HideSolutionNode = FALSE
	EndGlobalSection
	GlobalSection(ExtensibilityGlobals) = postSolution
		SolutionGuid = {3B82726A-3D82-4D8B-8876-0E4D840449D0}
	EndGlobalSection
EndGlobal
